<?xml version="1.0" encoding="utf-8"?>
<Project ToolsVersion="4.0" xmlns="http://schemas.microsoft.com/developer/msbuild/2003">
  <ItemGroup>
    <ClCompile Include="Main.cpp" />
    <ClCompile Include="MP4\File.cpp">
      <Filter>MP4</Filter>
    </ClCompile>
  </ItemGroup>
  <ItemGroup>
    <Filter Include="MP4">
      <UniqueIdentifier>{551bb559-c294-4a6a-b45f-c207b13400d4}</UniqueIdentifier>
    </Filter>
  </ItemGroup>
  <ItemGroup>
    <ClInclude Include="MP4\File.hpp">
      <Filter>MP4</Filter>
    </ClInclude>
  </ItemGroup>
</Project>